
Microsoft Visual Studio Solution File, Format Version 12.00
# Visual Studio 2015
Project("{FAE04EC0-301F-11D3-BF4B-00C04F79EFBC}") = "Kinetic 1", "Kinetic 1.csproj", "{72DCA1AF-E657-9290-0AFA-DA8B302D052C}"
EndProject
Project("{FAE04EC0-301F-11D3-BF4B-00C04F79EFBC}") = "Kinetic 1.Editor", "Kinetic 1.Editor.csproj", "{77DABA17-F221-93DC-428D-643221DA1B7A}"
EndProject
Global
	GlobalSection(SolutionConfigurationPlatforms) = preSolution
		Debug|Any CPU = Debug|Any CPU
		Release|Any CPU = Release|Any CPU
	EndGlobalSection
	GlobalSection(ProjectConfigurationPlatforms) = postSolution
		{72DCA1AF-E657-9290-0AFA-DA8B302D052C}.Debug|Any CPU.ActiveCfg = Debug|Any CPU
		{72DCA1AF-E657-9290-0AFA-DA8B302D052C}.Debug|Any CPU.Build.0 = Debug|Any CPU
		{72DCA1AF-E657-9290-0AFA-DA8B302D052C}.Release|Any CPU.ActiveCfg = Release|Any CPU
		{72DCA1AF-E657-9290-0AFA-DA8B302D052C}.Release|Any CPU.Build.0 = Release|Any CPU
		{77DABA17-F221-93DC-428D-643221DA1B7A}.Debug|Any CPU.ActiveCfg = Debug|Any CPU
		{77DABA17-F221-93DC-428D-643221DA1B7A}.Debug|Any CPU.Build.0 = Debug|Any CPU
		{77DABA17-F221-93DC-428D-643221DA1B7A}.Release|Any CPU.ActiveCfg = Release|Any CPU
		{77DABA17-F221-93DC-428D-643221DA1B7A}.Release|Any CPU.Build.0 = Release|Any CPU
	EndGlobalSection
	GlobalSection(SolutionProperties) = preSolution
		HideSolutionNode = FALSE
	EndGlobalSection
EndGlobal
